
Microsoft Visual Studio Solution File, Format Version 12.00
# Visual Studio 15
VisualStudioVersion = 15.0.28307.1738
MinimumVisualStudioVersion = 10.0.40219.1
Project("{FAE04EC0-301F-11D3-BF4B-00C04F79EFBC}") = "mvcWebApp", "mvcWebApp\mvcWebApp.csproj", "{2261C7D2-F1D6-4AB4-88D2-55A8EC36842D}"
EndProject
Global
	GlobalSection(SolutionConfigurationPlatforms) = preSolution
		Debug|Any CPU = Debug|Any CPU
		Release|Any CPU = Release|Any CPU
	EndGlobalSection
	GlobalSection(ProjectConfigurationPlatforms) = postSolution
		{2261C7D2-F1D6-4AB4-88D2-55A8EC36842D}.Debug|Any CPU.ActiveCfg = Debug|Any CPU
		{2261C7D2-F1D6-4AB4-88D2-55A8EC36842D}.Debug|Any CPU.Build.0 = Debug|Any CPU
		{2261C7D2-F1D6-4AB4-88D2-55A8EC36842D}.Release|Any CPU.ActiveCfg = Release|Any CPU
		{2261C7D2-F1D6-4AB4-88D2-55A8EC36842D}.Release|Any CPU.Build.0 = Release|Any CPU
	EndGlobalSection
	GlobalSection(SolutionProperties) = preSolution
		HideSolutionNode = FALSE
	EndGlobalSection
	GlobalSection(ExtensibilityGlobals) = postSolution
		SolutionGuid = {E921703F-F7CD-4C15-8E87-E65592E25A25}
	EndGlobalSection
EndGlobal
